// !$*UTF8*$!
{
	archiveVersion = 1;
	classes = {
	};
	objectVersion = 77;
	objects = {

/* Begin PBXContainerItemProxy section */
		C241A2E630581ECE00DB35C7 /* PBXContainerItemProxy */ = {
			isa = PBXContainerItemProxy;
			containerPortal = C241A2CB30581ECC00DB35C7 /* Project object */;
			proxyType = 1;
			remoteGlobalIDString = C241A2D230581ECC00DB35C7;
			remoteInfo = PaanafrikanArts;
		};
		C241A2F030581ECE00DB35C7 /* PBXContainerItemProxy */ = {
			isa = PBXContainerItemProxy;
			containerPortal = C241A2CB30581ECC00DB35C7 /* Project object */;
			proxyType = 1;
			remoteGlobalIDString = C241A2D230581ECC00DB35C7;
			remoteInfo = PaanafrikanArts;
		};
/* End PBXContainerItemProxy section */

/* Begin PBXFileReference section */
		C241A2D330581ECC00DB35C7 /* PaanafrikanArts.app */ = {isa = PBXFileReference; explicitFileType = wrapper.application; includeInIndex = 0; path = PaanafrikanArts.app; sourceTree = BUILT_PRODUCTS_DIR; };
		C241A2E530581ECE00DB35C7 /* PaanafrikanArtsTests.xctest */ = {isa = PBXFileReference; explicitFileType = wrapper.cfbundle; includeInIndex = 0; path = PaanafrikanArtsTests.xctest; sourceTree = BUILT_PRODUCTS_DIR; };
		C241A2EF30581ECE00DB35C7 /* PaanafrikanArtsUITests.xctest */ = {isa = PBXFileReference; explicitFileType = wrapper.cfbundle; includeInIndex = 0; path = PaanafrikanArtsUITests.xctest; sourceTree = BUILT_PRODUCTS_DIR; };
/* End PBXFileReference section */

/* Begin PBXFileSystemSynchronizedRootGroup section */
		C241A2D530581ECC00DB35C7 /* PaanafrikanArts */ = {
			isa = PBXFileSystemSynchronizedRootGroup;
			path = PaanafrikanArts;
			sourceTree = "<group>";
		};
		C241A2E830581ECE00DB35C7 /* PaanafrikanArtsTests */ = {
			isa = PBXFileSystemSynchronizedRootGroup;
			path = PaanafrikanArtsTests;
			sourceTree = "<group>";
		};
		C241A2F230581ECE00DB35C7 /* PaanafrikanArtsUITests */ = {
			isa = PBXFileSystemSynchronizedRootGroup;
			path = PaanafrikanArtsUITests;
			sourceTree = "<group>";
		};
/* End PBXFileSystemSynchronizedRootGroup section */

/* Begin PBXFrameworksBuildPhase section */
		C241A2D030581ECC00DB35C7 /* Frameworks */ = {
			isa = PBXFrameworksBuildPhase;
			buildActionMask = 2147483647;
			files = (
			);
			runOnlyForDeploymentPostprocessing = 0;
		};
		C241A2E230581ECE00DB35C7 /* Frameworks */ = {
			isa = PBXFrameworksBuildPhase;
			buildActionMask = 2147483647;
			files = (
			);
			runOnlyForDeploymentPostprocessing = 0;
		};
		C241A2EC30581ECE00DB35C7 /* Frameworks */ = {
			isa = PBXFrameworksBuildPhase;
			buildActionMask = 2147483647;
			files = (
			);
			runOnlyForDeploymentPostprocessing = 0;
		};
/* End PBXFrameworksBuildPhase section */

/* Begin PBXGroup section */
		C241A2CA30581ECC00DB35C7 = {
			isa = PBXGroup;
			children = (
				C241A2D530581ECC00DB35C7 /* PaanafrikanArts */,
				C241A2E830581ECE00DB35C7 /* PaanafrikanArtsTests */,
				C241A2F230581ECE00DB35C7 /* PaanafrikanArtsUITests */,
				C241A2D430581ECC00DB35C7 /* Products */,
			);
			sourceTree = "<group>";
		};
		C241A2D430581ECC00DB35C7 /* Products */ = {
			isa = PBXGroup;
			children = (
				C241A2D330581ECC00DB35C7 /* PaanafrikanArts.app */,
				C241A2E530581ECE00DB35C7 /* PaanafrikanArtsTests.xctest */,
				C241A2EF30581ECE00DB35C7 /* PaanafrikanArtsUITests.xctest */,
			);
			name = Products;
			sourceTree = "<group>";
		};
/* End PBXGroup section */

/* Begin PBXNativeTarget section */
		C241A2D230581ECC00DB35C7 /* PaanafrikanArts */ = {
			isa = PBXNativeTarget;
			buildConfigurationList = C241A2F930581ECE00DB35C7 /* Build configuration list for PBXNativeTarget "PaanafrikanArts" */;
			buildPhases = (
				C241A2CF30581ECC00DB35C7 /* Sources */,
				C241A2D030581ECC00DB35C7 /* Frameworks */,
				C241A2D130581ECC00DB35C7 /* Resources */,
			);
			buildRules = (
			);
			dependencies = (
			);
			fileSystemSynchronizedGroups = (
				C241A2D530581ECC00DB35C7 /* PaanafrikanArts */,
			);
			name = PaanafrikanArts;
			packageProductDependencies = (
			);
			productName = PaanafrikanArts;
			productReference = C241A2D330581ECC00DB35C7 /* PaanafrikanArts.app */;
			productType = "com.apple.product-type.application";
		};
		C241A2E430581ECE00DB35C7 /* PaanafrikanArtsTests */ = {
			isa = PBXNativeTarget;
			buildConfigurationList = C241A2FC30581ECE00DB35C7 /* Build configuration list for PBXNativeTarget "PaanafrikanArtsTests" */;
			buildPhases = (
				C241A2E130581ECE00DB35C7 /* Sources */,
				C241A2E230581ECE00DB35C7 /* Frameworks */,
				C241A2E330581ECE00DB35C7 /* Resources */,
			);
			buildRules = (
			);
			dependencies = (
				C241A2E730581ECE00DB35C7 /* PBXTargetDependency */,
			);
			fileSystemSynchronizedGroups = (
				C241A2E830581ECE00DB35C7 /* PaanafrikanArtsTests */,
			);
			name = PaanafrikanArtsTests;
			packageProductDependencies = (
			);
			productName = PaanafrikanArtsTests;
			productReference = C241A2E530581ECE00DB35C7 /* PaanafrikanArtsTests.xctest */;
			productType = "com.apple.product-type.bundle.unit-test";
		};
		C241A2EE30581ECE00DB35C7 /* PaanafrikanArtsUITests */ = {
			isa = PBXNativeTarget;
			buildConfigurationList = C241A2FF30581ECE00DB35C7 /* Build configuration list for PBXNativeTarget "PaanafrikanArtsUITests" */;
			buildPhases = (
				C241A2EB30581ECE00DB35C7 /* Sources */,
				C241A2EC30581ECE00DB35C7 /* Frameworks */,
				C241A2ED30581ECE00DB35C7 /* Resources */,
			);
			buildRules = (
			);
			dependencies = (
				C241A2F130581ECE00DB35C7 /* PBXTargetDependency */,
			);
			fileSystemSynchronizedGroups = (
				C241A2F230581ECE00DB35C7 /* PaanafrikanArtsUITests */,
			);
			name = PaanafrikanArtsUITests;
			packageProductDependencies = (
			);
			productName = PaanafrikanArtsUITests;
			productReference = C241A2EF30581ECE00DB35C7 /* PaanafrikanArtsUITests.xctest */;
			productType = "com.apple.product-type.bundle.ui-testing";
		};
/* End PBXNativeTarget section */

/* Begin PBXProject section */
		C241A2CB30581ECC00DB35C7 /* Project object */ = {
			isa = PBXProject;
			attributes = {
				BuildIndependentTargetsInParallel = 1;
				LastSwiftUpdateCheck = 1620;
				LastUpgradeCheck = 1620;
				TargetAttributes = {
					C241A2D230581ECC00DB35C7 = {
						CreatedOnToolsVersion = 16.2;
					};
					C241A2E430581ECE00DB35C7 = {
						CreatedOnToolsVersion = 16.2;
						TestTargetID = C241A2D230581ECC00DB35C7;
					};
					C241A2EE30581ECE00DB35C7 = {
						CreatedOnToolsVersion = 16.2;
						TestTargetID = C241A2D230581ECC00DB35C7;
					};
				};
			};
			buildConfigurationList = C241A2CE30581ECC00DB35C7 /* Build configuration list for PBXProject "PaanafrikanArts" */;
			developmentRegion = en;
			hasScannedForEncodings = 0;
			knownRegions = (
				en,
				Base,
			);
			mainGroup = C241A2CA30581ECC00DB35C7;
			minimizedProjectReferenceProxies = 1;
			preferredProjectObjectVersion = 77;
			productRefGroup = C241A2D430581ECC00DB35C7 /* Products */;
			projectDirPath = "";
			projectRoot = "";
			targets = (
				C241A2D230581ECC00DB35C7 /* PaanafrikanArts */,
				C241A2E430581ECE00DB35C7 /* PaanafrikanArtsTests */,
				C241A2EE30581ECE00DB35C7 /* PaanafrikanArtsUITests */,
			);
		};
/* End PBXProject section */

/* Begin PBXResourcesBuildPhase section */
		C241A2D130581ECC00DB35C7 /* Resources */ = {
			isa = PBXResourcesBuildPhase;
			buildActionMask = 2147483647;
			files = (
			);
			runOnlyForDeploymentPostprocessing = 0;
		};
		C241A2E330581ECE00DB35C7 /* Resources */ = {
			isa = PBXResourcesBuildPhase;
			buildActionMask = 2147483647;
			files = (
			);
			runOnlyForDeploymentPostprocessing = 0;
		};
		C241A2ED30581ECE00DB35C7 /* Resources */ = {
			isa = PBXResourcesBuildPhase;
			buildActionMask = 2147483647;
			files = (
			);
			runOnlyForDeploymentPostprocessing = 0;
		};
/* End PBXResourcesBuildPhase section */

/* Begin PBXSourcesBuildPhase section */
		C241A2CF30581ECC00DB35C7 /* Sources */ = {
			isa = PBXSourcesBuildPhase;
			buildActionMask = 2147483647;
			files = (
			);
			runOnlyForDeploymentPostprocessing = 0;
		};
		C241A2E130581ECE00DB35C7 /* Sources */ = {
			isa = PBXSourcesBuildPhase;
			buildActionMask = 2147483647;
			files = (
			);
			runOnlyForDeploymentPostprocessing = 0;
		};
		C241A2EB30581ECE00DB35C7 /* Sources */ = {
			isa = PBXSourcesBuildPhase;
			buildActionMask = 2147483647;
			files = (
			);
			runOnlyForDeploymentPostprocessing = 0;
		};
/* End PBXSourcesBuildPhase section */

/* Begin PBXTargetDependency section */
		C241A2E730581ECE00DB35C7 /* PBXTargetDependency */ = {
			isa = PBXTargetDependency;
			target = C241A2D230581ECC00DB35C7 /* PaanafrikanArts */;
			targetProxy = C241A2E630581ECE00DB35C7 /* PBXContainerItemProxy */;
		};
		C241A2F130581ECE00DB35C7 /* PBXTargetDependency */ = {
			isa = PBXTargetDependency;
			target = C241A2D230581ECC00DB35C7 /* PaanafrikanArts */;
			targetProxy = C241A2F030581ECE00DB35C7 /* PBXContainerItemProxy */;
		};
/* End PBXTargetDependency section */

/* Begin XCBuildConfiguration section */
		C241A2F730581ECE00DB35C7 /* Debug */ = {
			isa = XCBuildConfiguration;
			buildSettings = {
				ALWAYS_SEARCH_USER_PATHS = NO;
				ASSETCATALOG_COMPILER_GENERATE_SWIFT_ASSET_SYMBOL_EXTENSIONS = YES;
				CLANG_ANALYZER_NONNULL = YES;
				CLANG_ANALYZER_NUMBER_OBJECT_CONVERSION = YES_AGGRESSIVE;
				CLANG_CXX_LANGUAGE_STANDARD = "gnu++20";
				CLANG_ENABLE_MODULES = YES;
				CLANG_ENABLE_OBJC_ARC = YES;
				CLANG_ENABLE_OBJC_WEAK = YES;
				CLANG_WARN_BLOCK_CAPTURE_AUTORELEASING = YES;
				CLANG_WARN_BOOL_CONVERSION = YES;
				CLANG_WARN_COMMA = YES;
				CLANG_WARN_CONSTANT_CONVERSION = YES;
				CLANG_WARN_DEPRECATED_OBJC_IMPLEMENTATIONS = YES;
				CLANG_WARN_DIRECT_OBJC_ISA_USAGE = YES_ERROR;
				CLANG_WARN_DOCUMENTATION_COMMENTS = YES;
				CLANG_WARN_EMPTY_BODY = YES;
				CLANG_WARN_ENUM_CONVERSION = YES;
				CLANG_WARN_INFINITE_RECURSION = YES;
				CLANG_WARN_INT_CONVERSION = YES;
				CLANG_WARN_NON_LITERAL_NULL_CONVERSION = YES;
				CLANG_WARN_OBJC_IMPLICIT_RETAIN_SELF = YES;
				CLANG_WARN_OBJC_LITERAL_CONVERSION = YES;
				CLANG_WARN_OBJC_ROOT_CLASS = YES_ERROR;
				CLANG_WARN_QUOTED_INCLUDE_IN_FRAMEWORK_HEADER = YES;
				CLANG_WARN_RANGE_LOOP_ANALYSIS = YES;
				CLANG_WARN_STRICT_PROTOTYPES = YES;
				CLANG_WARN_SUSPICIOUS_MOVE = YES;
				CLANG_WARN_UNGUARDED_AVAILABILITY = YES_AGGRESSIVE;
				CLANG_WARN_UNREACHABLE_CODE = YES;
				CLANG_WARN__DUPLICATE_METHOD_MATCH = YES;
				COPY_PHASE_STRIP = NO;
				DEBUG_INFORMATION_FORMAT = dwarf;
				ENABLE_STRICT_OBJC_MSGSEND = YES;
				ENABLE_TESTABILITY = YES;
				ENABLE_USER_SCRIPT_SANDBOXING = YES;
				GCC_C_LANGUAGE_STANDARD = gnu17;
				GCC_DYNAMIC_NO_PIC = NO;
				GCC_NO_COMMON_BLOCKS = YES;
				GCC_OPTIMIZATION_LEVEL = 0;
				GCC_PREPROCESSOR_DEFINITIONS = (
					"DEBUG=1",
					"$(inherited)",
				);
				GCC_WARN_64_TO_32_BIT_CONVERSION = YES;
				GCC_WARN_ABOUT_RETURN_TYPE = YES_ERROR;
				GCC_WARN_UNDECLARED_SELECTOR = YES;
				GCC_WARN_UNINITIALIZED_AUTOS = YES_AGGRESSIVE;
				GCC_WARN_UNUSED_FUNCTION = YES;
				GCC_WARN_UNUSED_VARIABLE = YES;
				IPHONEOS_DEPLOYMENT_TARGET = 18.2;
				LOCALIZATION_PREFERS_STRING_CATALOGS = YES;
				MTL_ENABLE_DEBUG_INFO = INCLUDE_SOURCE;
				MTL_FAST_MATH = YES;
				ONLY_ACTIVE_ARCH = YES;
				SDKROOT = iphoneos;
				SWIFT_ACTIVE_COMPILATION_CONDITIONS = "DEBUG $(inherited)";
				SWIFT_OPTIMIZATION_LEVEL = "-Onone";
			};
			name = Debug;
		};
		C241A2F830581ECE00DB35C7 /* Release */ = {
			isa = XCBuildConfiguration;
			buildSettings = {
				ALWAYS_SEARCH_USER_PATHS = NO;
				ASSETCATALOG_COMPILER_GENERATE_SWIFT_ASSET_SYMBOL_EXTENSIONS = YES;
				CLANG_ANALYZER_NONNULL = YES;
				CLANG_ANALYZER_NUMBER_OBJECT_CONVERSION = YES_AGGRESSIVE;
				CLANG_CXX_LANGUAGE_STANDARD = "gnu++20";
				CLANG_ENABLE_MODULES = YES;
				CLANG_ENABLE_OBJC_ARC = YES;
				CLANG_ENABLE_OBJC_WEAK = YES;
				CLANG_WARN_BLOCK_CAPTURE_AUTORELEASING = YES;
				CLANG_WARN_BOOL_CONVERSION = YES;
				CLANG_WARN_COMMA = YES;
				CLANG_WARN_CONSTANT_CONVERSION = YES;
				CLANG_WARN_DEPRECATED_OBJC_IMPLEMENTATIONS = YES;
				CLANG_WARN_DIRECT_OBJC_ISA_USAGE = YES_ERROR;
				CLANG_WARN_DOCUMENTATION_COMMENTS = YES;
				CLANG_WARN_EMPTY_BODY = YES;
				CLANG_WARN_ENUM_CONVERSION = YES;
				CLANG_WARN_INFINITE_RECURSION = YES;
				CLANG_WARN_INT_CONVERSION = YES;
				CLANG_WARN_NON_LITERAL_NULL_CONVERSION = YES;
				CLANG_WARN_OBJC_IMPLICIT_RETAIN_SELF = YES;
				CLANG_WARN_OBJC_LITERAL_CONVERSION = YES;
				CLANG_WARN_OBJC_ROOT_CLASS = YES_ERROR;
				CLANG_WARN_QUOTED_INCLUDE_IN_FRAMEWORK_HEADER = YES;
				CLANG_WARN_RANGE_LOOP_ANALYSIS = YES;
				CLANG_WARN_STRICT_PROTOTYPES = YES;
				CLANG_WARN_SUSPICIOUS_MOVE = YES;
				CLANG_WARN_UNGUARDED_AVAILABILITY = YES_AGGRESSIVE;
				CLANG_WARN_UNREACHABLE_CODE = YES;
				CLANG_WARN__DUPLICATE_METHOD_MATCH = YES;
				COPY_PHASE_STRIP = NO;
				DEBUG_INFORMATION_FORMAT = "dwarf-with-dsym";
				ENABLE_NS_ASSERTIONS = NO;
				ENABLE_STRICT_OBJC_MSGSEND = YES;
				ENABLE_USER_SCRIPT_SANDBOXING = YES;
				GCC_C_LANGUAGE_STANDARD = gnu17;
				GCC_NO_COMMON_BLOCKS = YES;
				GCC_WARN_64_TO_32_BIT_CONVERSION = YES;
				GCC_WARN_ABOUT_RETURN_TYPE = YES_ERROR;
				GCC_WARN_UNDECLARED_SELECTOR = YES;
				GCC_WARN_UNINITIALIZED_AUTOS = YES_AGGRESSIVE;
				GCC_WARN_UNUSED_FUNCTION = YES;
				GCC_WARN_UNUSED_VARIABLE = YES;
				IPHONEOS_DEPLOYMENT_TARGET = 18.2;
				LOCALIZATION_PREFERS_STRING_CATALOGS = YES;
				MTL_ENABLE_DEBUG_INFO = NO;
				MTL_FAST_MATH = YES;
				SDKROOT = iphoneos;
				SWIFT_COMPILATION_MODE = wholemodule;
				VALIDATE_PRODUCT = YES;
			};
			name = Release;
		};
		C241A2FA30581ECE00DB35C7 /* Debug */ = {
			isa = XCBuildConfiguration;
			buildSettings = {
				ASSETCATALOG_COMPILER_APPICON_NAME = AppIcon;
				ASSETCATALOG_COMPILER_GLOBAL_ACCENT_COLOR_NAME = AccentColor;
				CODE_SIGN_STYLE = Automatic;
				CURRENT_PROJECT_VERSION = 1;
				DEVELOPMENT_ASSET_PATHS = "\"PaanafrikanArts/Preview Content\"";
				ENABLE_PREVIEWS = YES;
				GENERATE_INFOPLIST_FILE = YES;
				INFOPLIST_KEY_CFBundleDisplayName = MyGalery;
				INFOPLIST_KEY_UIApplicationSceneManifest_Generation = YES;
				INFOPLIST_KEY_UIApplicationSupportsIndirectInputEvents = YES;
				INFOPLIST_KEY_UILaunchScreen_Generation = YES;
				INFOPLIST_KEY_UISupportedInterfaceOrientations_iPad = "UIInterfaceOrientationPortrait UIInterfaceOrientationPortraitUpsideDown UIInterfaceOrientationLandscapeLeft UIInterfaceOrientationLandscapeRight";
				INFOPLIST_KEY_UISupportedInterfaceOrientations_iPhone = "UIInterfaceOrientationPortrait UIInterfaceOrientationLandscapeLeft UIInterfaceOrientationLandscapeRight";
				LD_RUNPATH_SEARCH_PATHS = (
					"$(inherited)",
					"@executable_path/Frameworks",
				);
				MARKETING_VERSION = 1.0;
				PRODUCT_BUNDLE_IDENTIFIER = com.paanahub.PaanafrikanArts;
				PRODUCT_NAME = "$(TARGET_NAME)";
				SWIFT_EMIT_LOC_STRINGS = YES;
				SWIFT_VERSION = 5.0;
				TARGETED_DEVICE_FAMILY = "1,2";
			};
			name = Debug;
		};
		C241A2FB30581ECE00DB35C7 /* Release */ = {
			isa = XCBuildConfiguration;
			buildSettings = {
				ASSETCATALOG_COMPILER_APPICON_NAME = AppIcon;
				ASSETCATALOG_COMPILER_GLOBAL_ACCENT_COLOR_NAME = AccentColor;
				CODE_SIGN_STYLE = Automatic;
				CURRENT_PROJECT_VERSION = 1;
				DEVELOPMENT_ASSET_PATHS = "\"PaanafrikanArts/Preview Content\"";
				ENABLE_PREVIEWS = YES;
				GENERATE_INFOPLIST_FILE = YES;
				INFOPLIST_KEY_CFBundleDisplayName = MyGalery;
				INFOPLIST_KEY_UIApplicationSceneManifest_Generation = YES;
				INFOPLIST_KEY_UIApplicationSupportsIndirectInputEvents = YES;
				INFOPLIST_KEY_UILaunchScreen_Generation = YES;
				INFOPLIST_KEY_UISupportedInterfaceOrientations_iPad = "UIInterfaceOrientationPortrait UIInterfaceOrientationPortraitUpsideDown UIInterfaceOrientationLandscapeLeft UIInterfaceOrientationLandscapeRight";
				INFOPLIST_KEY_UISupportedInterfaceOrientations_iPhone = "UIInterfaceOrientationPortrait UIInterfaceOrientationLandscapeLeft UIInterfaceOrientationLandscapeRight";
				LD_RUNPATH_SEARCH_PATHS = (
					"$(inherited)",
					"@executable_path/Frameworks",
				);
				MARKETING_VERSION = 1.0;
				PRODUCT_BUNDLE_IDENTIFIER = com.paanahub.PaanafrikanArts;
				PRODUCT_NAME = "$(TARGET_NAME)";
				SWIFT_EMIT_LOC_STRINGS = YES;
				SWIFT_VERSION = 5.0;
				TARGETED_DEVICE_FAMILY = "1,2";
			};
			name = Release;
		};
		C241A2FD30581ECE00DB35C7 /* Debug */ = {
			isa = XCBuildConfiguration;
			buildSettings = {
				BUNDLE_LOADER = "$(TEST_HOST)";
				CODE_SIGN_STYLE = Automatic;
				CURRENT_PROJECT_VERSION = 1;
				GENERATE_INFOPLIST_FILE = YES;
				IPHONEOS_DEPLOYMENT_TARGET = 18.2;
				MARKETING_VERSION = 1.0;
				PRODUCT_BUNDLE_IDENTIFIER = com.paanahub.PaanafrikanArtsTests;
				PRODUCT_NAME = "$(TARGET_NAME)";
				SWIFT_EMIT_LOC_STRINGS = NO;
				SWIFT_VERSION = 5.0;
				TARGETED_DEVICE_FAMILY = "1,2";
				TEST_HOST = "$(BUILT_PRODUCTS_DIR)/PaanafrikanArts.app/$(BUNDLE_EXECUTABLE_FOLDER_PATH)/PaanafrikanArts";
			};
			name = Debug;
		};
		C241A2FE30581ECE00DB35C7 /* Release */ = {
			isa = XCBuildConfiguration;
			buildSettings = {
				BUNDLE_LOADER = "$(TEST_HOST)";
				CODE_SIGN_STYLE = Automatic;
				CURRENT_PROJECT_VERSION = 1;
				GENERATE_INFOPLIST_FILE = YES;
				IPHONEOS_DEPLOYMENT_TARGET = 18.2;
				MARKETING_VERSION = 1.0;
				PRODUCT_BUNDLE_IDENTIFIER = com.paanahub.PaanafrikanArtsTests;
				PRODUCT_NAME = "$(TARGET_NAME)";
				SWIFT_EMIT_LOC_STRINGS = NO;
				SWIFT_VERSION = 5.0;
				TARGETED_DEVICE_FAMILY = "1,2";
				TEST_HOST = "$(BUILT_PRODUCTS_DIR)/PaanafrikanArts.app/$(BUNDLE_EXECUTABLE_FOLDER_PATH)/PaanafrikanArts";
			};
			name = Release;
		};
		C241A30030581ECE00DB35C7 /* Debug */ = {
			isa = XCBuildConfiguration;
			buildSettings = {
				CODE_SIGN_STYLE = Automatic;
				CURRENT_PROJECT_VERSION = 1;
				GENERATE_INFOPLIST_FILE = YES;
				MARKETING_VERSION = 1.0;
				PRODUCT_BUNDLE_IDENTIFIER = com.paanahub.PaanafrikanArtsUITests;
				PRODUCT_NAME = "$(TARGET_NAME)";
				SWIFT_EMIT_LOC_STRINGS = NO;
				SWIFT_VERSION = 5.0;
				TARGETED_DEVICE_FAMILY = "1,2";
				TEST_TARGET_NAME = PaanafrikanArts;
			};
			name = Debug;
		};
		C241A30130581ECE00DB35C7 /* Release */ = {
			isa = XCBuildConfiguration;
			buildSettings = {
				CODE_SIGN_STYLE = Automatic;
				CURRENT_PROJECT_VERSION = 1;
				GENERATE_INFOPLIST_FILE = YES;
				MARKETING_VERSION = 1.0;
				PRODUCT_BUNDLE_IDENTIFIER = com.paanahub.PaanafrikanArtsUITests;
				PRODUCT_NAME = "$(TARGET_NAME)";
				SWIFT_EMIT_LOC_STRINGS = NO;
				SWIFT_VERSION = 5.0;
				TARGETED_DEVICE_FAMILY = "1,2";
				TEST_TARGET_NAME = PaanafrikanArts;
			};
			name = Release;
		};
/* End XCBuildConfiguration section */

/* Begin XCConfigurationList section */
		C241A2CE30581ECC00DB35C7 /* Build configuration list for PBXProject "PaanafrikanArts" */ = {
			isa = XCConfigurationList;
			buildConfigurations = (
				C241A2F730581ECE00DB35C7 /* Debug */,
				C241A2F830581ECE00DB35C7 /* Release */,
			);
			defaultConfigurationIsVisible = 0;
			defaultConfigurationName = Release;
		};
		C241A2F930581ECE00DB35C7 /* Build configuration list for PBXNativeTarget "PaanafrikanArts" */ = {
			isa = XCConfigurationList;
			buildConfigurations = (
				C241A2FA30581ECE00DB35C7 /* Debug */,
				C241A2FB30581ECE00DB35C7 /* Release */,
			);
			defaultConfigurationIsVisible = 0;
			defaultConfigurationName = Release;
		};
		C241A2FC30581ECE00DB35C7 /* Build configuration list for PBXNativeTarget "PaanafrikanArtsTests" */ = {
			isa = XCConfigurationList;
			buildConfigurations = (
				C241A2FD30581ECE00DB35C7 /* Debug */,
				C241A2FE30581ECE00DB35C7 /* Release */,
			);
			defaultConfigurationIsVisible = 0;
			defaultConfigurationName = Release;
		};
		C241A2FF30581ECE00DB35C7 /* Build configuration list for PBXNativeTarget "PaanafrikanArtsUITests" */ = {
			isa = XCConfigurationList;
			buildConfigurations = (
				C241A30030581ECE00DB35C7 /* Debug */,
				C241A30130581ECE00DB35C7 /* Release */,
			);
			defaultConfigurationIsVisible = 0;
			defaultConfigurationName = Release;
		};
/* End XCConfigurationList section */
	};
	rootObject = C241A2CB30581ECC00DB35C7 /* Project object */;
}
